<?xml version="1.0" encoding="utf-8"?>
<Project ToolsVersion="4.0" xmlns="http://schemas.microsoft.com/developer/msbuild/2003">
  <ItemGroup>
    <ClCompile Include="main.cpp" />
    <ClCompile Include="TypeLibrary.cpp">
      <Filter>TypeLibrary</Filter>
    </ClCompile>
    <ClCompile Include="VariableDescription.cpp">
      <Filter>TypeLibrary</Filter>
    </ClCompile>
    <ClCompile Include="ArgumentNames.cpp">
      <Filter>TypeLibrary</Filter>
    </ClCompile>
    <ClCompile Include="ElementDescription.cpp">
      <Filter>TypeLibrary</Filter>
    </ClCompile>
    <ClCompile Include="FunctionDescription.cpp">
      <Filter>TypeLibrary</Filter>
    </ClCompile>
    <ClCompile Include="TypeDescription.cpp">
      <Filter>TypeLibrary</Filter>
    </ClCompile>
    <ClCompile Include="TypeInfo.cpp">
      <Filter>TypeLibrary</Filter>
    </ClCompile>
    <ClCompile Include="CodeGenerator.cpp">
      <Filter>Importer</Filter>
    </ClCompile>
    <ClCompile Include="LibraryLoader.cpp">
      <Filter>Importer</Filter>
    </ClCompile>
    <ClCompile Include="Loader.cpp">
      <Filter>Importer</Filter>
    </ClCompile>
    <ClCompile Include="RecordSorter.cpp">
      <Filter>Importer</Filter>
    </ClCompile>
    <ClCompile Include="GuidFormatter.cpp">
      <Filter>Generator</Filter>
    </ClCompile>
    <ClCompile Include="TypeFormatter.cpp">
      <Filter>Generator</Filter>
    </ClCompile>
  </ItemGroup>
  <ItemGroup>
    <Filter Include="Com">
      <UniqueIdentifier>{75448d08-f36a-4e3c-aba9-82af6bc49ef5}</UniqueIdentifier>
    </Filter>
    <Filter Include="Importer">
      <UniqueIdentifier>{8ee4b990-97f7-4da4-8f1e-1026b7ce5688}</UniqueIdentifier>
    </Filter>
    <Filter Include="TypeLibrary">
      <UniqueIdentifier>{04bca9db-c0d3-43e9-81af-079264fa5614}</UniqueIdentifier>
    </Filter>
    <Filter Include="Generator">
      <UniqueIdentifier>{fe12aa58-f1a8-4c2c-9cb4-ec4cb525f2a9}</UniqueIdentifier>
    </Filter>
  </ItemGroup>
  <ItemGroup>
    <ClInclude Include="Com\Pointer.h">
      <Filter>Com</Filter>
    </ClInclude>
    <ClInclude Include="Com\ObjectList.h">
      <Filter>Com</Filter>
    </ClInclude>
    <ClInclude Include="Com\Object.h">
      <Filter>Com</Filter>
    </ClInclude>
    <ClInclude Include="Com\Module.h">
      <Filter>Com</Filter>
    </ClInclude>
    <ClInclude Include="Com\InterfaceList.h">
      <Filter>Com</Filter>
    </ClInclude>
    <ClInclude Include="Com\Error.h">
      <Filter>Com</Filter>
    </ClInclude>
    <ClInclude Include="Com\DispatchInterfaceSelector.h">
      <Filter>Com</Filter>
    </ClInclude>
    <ClInclude Include="Com\Dispatch.h">
      <Filter>Com</Filter>
    </ClInclude>
    <ClInclude Include="Com\Convert.h">
      <Filter>Com</Filter>
    </ClInclude>
    <ClInclude Include="Com\Com.h">
      <Filter>Com</Filter>
    </ClInclude>
    <ClInclude Include="Com\ClassFactory.h">
      <Filter>Com</Filter>
    </ClInclude>
    <ClInclude Include="DataTypes.h">
      <Filter>Importer</Filter>
    </ClInclude>
    <ClInclude Include="LibraryLoader.h">
      <Filter>Importer</Filter>
    </ClInclude>
    <ClInclude Include="Loader.h">
      <Filter>Importer</Filter>
    </ClInclude>
    <ClInclude Include="CodeGenerator.h">
      <Filter>Importer</Filter>
    </ClInclude>
    <ClInclude Include="RecordSorter.h">
      <Filter>Importer</Filter>
    </ClInclude>
    <ClInclude Include="ArgumentNames.h">
      <Filter>TypeLibrary</Filter>
    </ClInclude>
    <ClInclude Include="ElementDescription.h">
      <Filter>TypeLibrary</Filter>
    </ClInclude>
    <ClInclude Include="FunctionDescription.h">
      <Filter>TypeLibrary</Filter>
    </ClInclude>
    <ClInclude Include="TypeDescription.h">
      <Filter>TypeLibrary</Filter>
    </ClInclude>
    <ClInclude Include="VariableDescription.h">
      <Filter>TypeLibrary</Filter>
    </ClInclude>
    <ClInclude Include="TypeInfo.h">
      <Filter>TypeLibrary</Filter>
    </ClInclude>
    <ClInclude Include="TypeLibrary.h">
      <Filter>TypeLibrary</Filter>
    </ClInclude>
    <ClInclude Include="HexFormatter.h">
      <Filter>Generator</Filter>
    </ClInclude>
    <ClInclude Include="GuidFormatter.h">
      <Filter>Generator</Filter>
    </ClInclude>
    <ClInclude Include="TypeFormatter.h">
      <Filter>Generator</Filter>
    </ClInclude>
  </ItemGroup>
  <ItemGroup>
    <None Include="packages.config" />
    <None Include=".gitignore" />
    <None Include="jmfb-com-import.nuspec" />
  </ItemGroup>
  <ItemGroup>
    <Text Include="jmfb-com-import.txt" />
  </ItemGroup>
</Project>